
Microsoft Visual Studio Solution File, Format Version 12.00
# Visual Studio Version 16
VisualStudioVersion = 16.0.31112.23
MinimumVisualStudioVersion = 10.0.40219.1
Project("{FAE04EC0-301F-11D3-BF4B-00C04F79EFBC}") = "ConstructoraUdeC", "ConstructoraUdeC\ConstructoraUdeC.csproj", "{6100FB0A-42EC-4D75-8C72-7B5D9A15C0D2}"
EndProject
Project("{2150E333-8FDC-42A3-9474-1A3956D46DE8}") = "Vista", "Vista", "{B975A0AB-4487-4E1B-A377-2ED548A5DA6A}"
EndProject
Project("{2150E333-8FDC-42A3-9474-1A3956D46DE8}") = "Controlador", "Controlador", "{0FF9C969-F806-403F-910E-9FCD5095F747}"
EndProject
Project("{2150E333-8FDC-42A3-9474-1A3956D46DE8}") = "Modelo", "Modelo", "{00F3EFAD-1E47-4722-996D-FF7015F5BD90}"
EndProject
Global
	GlobalSection(SolutionConfigurationPlatforms) = preSolution
		Debug|Any CPU = Debug|Any CPU
		Release|Any CPU = Release|Any CPU
	EndGlobalSection
	GlobalSection(ProjectConfigurationPlatforms) = postSolution
		{6100FB0A-42EC-4D75-8C72-7B5D9A15C0D2}.Debug|Any CPU.ActiveCfg = Debug|Any CPU
		{6100FB0A-42EC-4D75-8C72-7B5D9A15C0D2}.Debug|Any CPU.Build.0 = Debug|Any CPU
		{6100FB0A-42EC-4D75-8C72-7B5D9A15C0D2}.Release|Any CPU.ActiveCfg = Release|Any CPU
		{6100FB0A-42EC-4D75-8C72-7B5D9A15C0D2}.Release|Any CPU.Build.0 = Release|Any CPU
	EndGlobalSection
	GlobalSection(SolutionProperties) = preSolution
		HideSolutionNode = FALSE
	EndGlobalSection
	GlobalSection(NestedProjects) = preSolution
		{6100FB0A-42EC-4D75-8C72-7B5D9A15C0D2} = {B975A0AB-4487-4E1B-A377-2ED548A5DA6A}
	EndGlobalSection
	GlobalSection(ExtensibilityGlobals) = postSolution
		SolutionGuid = {229C65A1-5CDC-4A0B-B09A-41D6701D5BB4}
	EndGlobalSection
EndGlobal
